
Microsoft Visual Studio Solution File, Format Version 12.00
# Visual Studio 15
VisualStudioVersion = 15.0.28010.2036
MinimumVisualStudioVersion = 10.0.40219.1
Project("{FAE04EC0-301F-11D3-BF4B-00C04F79EFBC}") = "ConsoleApp1", "ConsoleApp1\ConsoleApp1.csproj", "{3F2DA413-98DC-45F6-9983-259975662DAC}"
EndProject
Global
	GlobalSection(SolutionConfigurationPlatforms) = preSolution
		Debug|Any CPU = Debug|Any CPU
		Release|Any CPU = Release|Any CPU
	EndGlobalSection
	GlobalSection(ProjectConfigurationPlatforms) = postSolution
		{3F2DA413-98DC-45F6-9983-259975662DAC}.Debug|Any CPU.ActiveCfg = Debug|Any CPU
		{3F2DA413-98DC-45F6-9983-259975662DAC}.Debug|Any CPU.Build.0 = Debug|Any CPU
		{3F2DA413-98DC-45F6-9983-259975662DAC}.Release|Any CPU.ActiveCfg = Release|Any CPU
		{3F2DA413-98DC-45F6-9983-259975662DAC}.Release|Any CPU.Build.0 = Release|Any CPU
	EndGlobalSection
	GlobalSection(SolutionProperties) = preSolution
		HideSolutionNode = FALSE
	EndGlobalSection
	GlobalSection(ExtensibilityGlobals) = postSolution
		SolutionGuid = {949307B7-EFD7-4D05-9559-0EE85B768199}
	EndGlobalSection
EndGlobal
